
Microsoft Visual Studio Solution File, Format Version 12.00
# Visual Studio Version 17
VisualStudioVersion = 17.0.31903.59
MinimumVisualStudioVersion = 10.0.40219.1
Project("{2150E333-8FDC-42A3-9474-1A3956D46DE8}") = "src", "src", "{EB150A43-79FB-4255-BED1-B1E5291F304F}"
EndProject
Project("{FAE04EC0-301F-11D3-BF4B-00C04F79EFBC}") = "Bridge.Api", "src\Bridge.Api\Bridge.Api.csproj", "{B2DB1CDB-7E92-413B-BDF2-62A1D803246B}"
EndProject
Project("{FAE04EC0-301F-11D3-BF4B-00C04F79EFBC}") = "Bridge.Core", "src\Bridge.Core\Bridge.Core.csproj", "{B3B8C325-4C64-4010-8446-056C8858B244}"
EndProject
Project("{FAE04EC0-301F-11D3-BF4B-00C04F79EFBC}") = "Bridge.Crypto", "src\Bridge.Crypto\Bridge.Crypto.csproj", "{97A06598-495B-413F-9F87-86ABC1B20400}"
EndProject
Project("{FAE04EC0-301F-11D3-BF4B-00C04F79EFBC}") = "Bridge.Desktop", "src\Bridge.Desktop\Bridge.Desktop.csproj", "{FB2918D2-2AC6-4A9C-ACE1-645034302A7A}"
EndProject
Project("{FAE04EC0-301F-11D3-BF4B-00C04F79EFBC}") = "Bridge.Provider.Mock", "src\Bridge.Provider.Mock\Bridge.Provider.Mock.csproj", "{74DCABFB-5AAB-4B04-8FEF-3AF78DC65680}"
EndProject
Project("{FAE04EC0-301F-11D3-BF4B-00C04F79EFBC}") = "Bridge.Provider.Pkcs11", "src\Bridge.Provider.Pkcs11\Bridge.Provider.Pkcs11.csproj", "{70971169-7D9C-453E-B5D9-E3244F954FE3}"
EndProject
Project("{FAE04EC0-301F-11D3-BF4B-00C04F79EFBC}") = "Bridge.Provider.Windows", "src\Bridge.Provider.Windows\Bridge.Provider.Windows.csproj", "{94D3DA04-55BD-49D6-9E7E-F987575956E1}"
EndProject
Project("{FAE04EC0-301F-11D3-BF4B-00C04F79EFBC}") = "Bridge.Providers", "src\Bridge.Providers\Bridge.Providers.csproj", "{1BE25F67-50D2-42BE-83AF-F350C57D635E}"
EndProject
Project("{FAE04EC0-301F-11D3-BF4B-00C04F79EFBC}") = "Bridge.Security", "src\Bridge.Security\Bridge.Security.csproj", "{1AF26614-1D7E-4563-BB8E-7773022B8AA2}"
EndProject
Project("{2150E333-8FDC-42A3-9474-1A3956D46DE8}") = "tests", "tests", "{5E242AA5-8E51-47BB-A2B4-615AD82274F1}"
EndProject
Project("{FAE04EC0-301F-11D3-BF4B-00C04F79EFBC}") = "Bridge.Api.Tests", "tests\Bridge.Api.Tests\Bridge.Api.Tests.csproj", "{2E525FD3-982D-45CE-A5DB-19CF1EE092D4}"
EndProject
Project("{FAE04EC0-301F-11D3-BF4B-00C04F79EFBC}") = "Bridge.Core.Tests", "tests\Bridge.Core.Tests\Bridge.Core.Tests.csproj", "{395844B7-3B38-4243-B0A9-873FD19B8E35}"
EndProject
Project("{FAE04EC0-301F-11D3-BF4B-00C04F79EFBC}") = "Bridge.Provider.Tests", "tests\Bridge.Provider.Tests\Bridge.Provider.Tests.csproj", "{8515AD16-3CD3-4D97-865C-3DB9EF969A75}"
EndProject
Project("{FAE04EC0-301F-11D3-BF4B-00C04F79EFBC}") = "Bridge.Security.Tests", "tests\Bridge.Security.Tests\Bridge.Security.Tests.csproj", "{9A3DDA19-D37D-4A84-B00A-745BD5B2F23C}"
EndProject
Global
	GlobalSection(SolutionConfigurationPlatforms) = preSolution
		Debug|Any CPU = Debug|Any CPU
		Release|Any CPU = Release|Any CPU
	EndGlobalSection
	GlobalSection(SolutionProperties) = preSolution
		HideSolutionNode = FALSE
	EndGlobalSection
	GlobalSection(ProjectConfigurationPlatforms) = postSolution
		{B2DB1CDB-7E92-413B-BDF2-62A1D803246B}.Debug|Any CPU.ActiveCfg = Debug|Any CPU
		{B2DB1CDB-7E92-413B-BDF2-62A1D803246B}.Debug|Any CPU.Build.0 = Debug|Any CPU
		{B2DB1CDB-7E92-413B-BDF2-62A1D803246B}.Release|Any CPU.ActiveCfg = Release|Any CPU
		{B2DB1CDB-7E92-413B-BDF2-62A1D803246B}.Release|Any CPU.Build.0 = Release|Any CPU
		{B3B8C325-4C64-4010-8446-056C8858B244}.Debug|Any CPU.ActiveCfg = Debug|Any CPU
		{B3B8C325-4C64-4010-8446-056C8858B244}.Debug|Any CPU.Build.0 = Debug|Any CPU
		{B3B8C325-4C64-4010-8446-056C8858B244}.Release|Any CPU.ActiveCfg = Release|Any CPU
		{B3B8C325-4C64-4010-8446-056C8858B244}.Release|Any CPU.Build.0 = Release|Any CPU
		{97A06598-495B-413F-9F87-86ABC1B20400}.Debug|Any CPU.ActiveCfg = Debug|Any CPU
		{97A06598-495B-413F-9F87-86ABC1B20400}.Debug|Any CPU.Build.0 = Debug|Any CPU
		{97A06598-495B-413F-9F87-86ABC1B20400}.Release|Any CPU.ActiveCfg = Release|Any CPU
		{97A06598-495B-413F-9F87-86ABC1B20400}.Release|Any CPU.Build.0 = Release|Any CPU
		{FB2918D2-2AC6-4A9C-ACE1-645034302A7A}.Debug|Any CPU.ActiveCfg = Debug|Any CPU
		{FB2918D2-2AC6-4A9C-ACE1-645034302A7A}.Debug|Any CPU.Build.0 = Debug|Any CPU
		{FB2918D2-2AC6-4A9C-ACE1-645034302A7A}.Release|Any CPU.ActiveCfg = Release|Any CPU
		{FB2918D2-2AC6-4A9C-ACE1-645034302A7A}.Release|Any CPU.Build.0 = Release|Any CPU
		{74DCABFB-5AAB-4B04-8FEF-3AF78DC65680}.Debug|Any CPU.ActiveCfg = Debug|Any CPU
		{74DCABFB-5AAB-4B04-8FEF-3AF78DC65680}.Debug|Any CPU.Build.0 = Debug|Any CPU
		{74DCABFB-5AAB-4B04-8FEF-3AF78DC65680}.Release|Any CPU.ActiveCfg = Release|Any CPU
		{74DCABFB-5AAB-4B04-8FEF-3AF78DC65680}.Release|Any CPU.Build.0 = Release|Any CPU
		{70971169-7D9C-453E-B5D9-E3244F954FE3}.Debug|Any CPU.ActiveCfg = Debug|Any CPU
		{70971169-7D9C-453E-B5D9-E3244F954FE3}.Debug|Any CPU.Build.0 = Debug|Any CPU
		{70971169-7D9C-453E-B5D9-E3244F954FE3}.Release|Any CPU.ActiveCfg = Release|Any CPU
		{70971169-7D9C-453E-B5D9-E3244F954FE3}.Release|Any CPU.Build.0 = Release|Any CPU
		{94D3DA04-55BD-49D6-9E7E-F987575956E1}.Debug|Any CPU.ActiveCfg = Debug|Any CPU
		{94D3DA04-55BD-49D6-9E7E-F987575956E1}.Debug|Any CPU.Build.0 = Debug|Any CPU
		{94D3DA04-55BD-49D6-9E7E-F987575956E1}.Release|Any CPU.ActiveCfg = Release|Any CPU
		{94D3DA04-55BD-49D6-9E7E-F987575956E1}.Release|Any CPU.Build.0 = Release|Any CPU
		{1BE25F67-50D2-42BE-83AF-F350C57D635E}.Debug|Any CPU.ActiveCfg = Debug|Any CPU
		{1BE25F67-50D2-42BE-83AF-F350C57D635E}.Debug|Any CPU.Build.0 = Debug|Any CPU
		{1BE25F67-50D2-42BE-83AF-F350C57D635E}.Release|Any CPU.ActiveCfg = Release|Any CPU
		{1BE25F67-50D2-42BE-83AF-F350C57D635E}.Release|Any CPU.Build.0 = Release|Any CPU
		{1AF26614-1D7E-4563-BB8E-7773022B8AA2}.Debug|Any CPU.ActiveCfg = Debug|Any CPU
		{1AF26614-1D7E-4563-BB8E-7773022B8AA2}.Debug|Any CPU.Build.0 = Debug|Any CPU
		{1AF26614-1D7E-4563-BB8E-7773022B8AA2}.Release|Any CPU.ActiveCfg = Release|Any CPU
		{1AF26614-1D7E-4563-BB8E-7773022B8AA2}.Release|Any CPU.Build.0 = Release|Any CPU
		{2E525FD3-982D-45CE-A5DB-19CF1EE092D4}.Debug|Any CPU.ActiveCfg = Debug|Any CPU
		{2E525FD3-982D-45CE-A5DB-19CF1EE092D4}.Debug|Any CPU.Build.0 = Debug|Any CPU
		{2E525FD3-982D-45CE-A5DB-19CF1EE092D4}.Release|Any CPU.ActiveCfg = Release|Any CPU
		{2E525FD3-982D-45CE-A5DB-19CF1EE092D4}.Release|Any CPU.Build.0 = Release|Any CPU
		{395844B7-3B38-4243-B0A9-873FD19B8E35}.Debug|Any CPU.ActiveCfg = Debug|Any CPU
		{395844B7-3B38-4243-B0A9-873FD19B8E35}.Debug|Any CPU.Build.0 = Debug|Any CPU
		{395844B7-3B38-4243-B0A9-873FD19B8E35}.Release|Any CPU.ActiveCfg = Release|Any CPU
		{395844B7-3B38-4243-B0A9-873FD19B8E35}.Release|Any CPU.Build.0 = Release|Any CPU
		{8515AD16-3CD3-4D97-865C-3DB9EF969A75}.Debug|Any CPU.ActiveCfg = Debug|Any CPU
		{8515AD16-3CD3-4D97-865C-3DB9EF969A75}.Debug|Any CPU.Build.0 = Debug|Any CPU
		{8515AD16-3CD3-4D97-865C-3DB9EF969A75}.Release|Any CPU.ActiveCfg = Release|Any CPU
		{8515AD16-3CD3-4D97-865C-3DB9EF969A75}.Release|Any CPU.Build.0 = Release|Any CPU
		{9A3DDA19-D37D-4A84-B00A-745BD5B2F23C}.Debug|Any CPU.ActiveCfg = Debug|Any CPU
		{9A3DDA19-D37D-4A84-B00A-745BD5B2F23C}.Debug|Any CPU.Build.0 = Debug|Any CPU
		{9A3DDA19-D37D-4A84-B00A-745BD5B2F23C}.Release|Any CPU.ActiveCfg = Release|Any CPU
		{9A3DDA19-D37D-4A84-B00A-745BD5B2F23C}.Release|Any CPU.Build.0 = Release|Any CPU
	EndGlobalSection
	GlobalSection(NestedProjects) = preSolution
		{B2DB1CDB-7E92-413B-BDF2-62A1D803246B} = {EB150A43-79FB-4255-BED1-B1E5291F304F}
		{B3B8C325-4C64-4010-8446-056C8858B244} = {EB150A43-79FB-4255-BED1-B1E5291F304F}
		{97A06598-495B-413F-9F87-86ABC1B20400} = {EB150A43-79FB-4255-BED1-B1E5291F304F}
		{FB2918D2-2AC6-4A9C-ACE1-645034302A7A} = {EB150A43-79FB-4255-BED1-B1E5291F304F}
		{74DCABFB-5AAB-4B04-8FEF-3AF78DC65680} = {EB150A43-79FB-4255-BED1-B1E5291F304F}
		{70971169-7D9C-453E-B5D9-E3244F954FE3} = {EB150A43-79FB-4255-BED1-B1E5291F304F}
		{94D3DA04-55BD-49D6-9E7E-F987575956E1} = {EB150A43-79FB-4255-BED1-B1E5291F304F}
		{1BE25F67-50D2-42BE-83AF-F350C57D635E} = {EB150A43-79FB-4255-BED1-B1E5291F304F}
		{1AF26614-1D7E-4563-BB8E-7773022B8AA2} = {EB150A43-79FB-4255-BED1-B1E5291F304F}
		{2E525FD3-982D-45CE-A5DB-19CF1EE092D4} = {5E242AA5-8E51-47BB-A2B4-615AD82274F1}
		{395844B7-3B38-4243-B0A9-873FD19B8E35} = {5E242AA5-8E51-47BB-A2B4-615AD82274F1}
		{8515AD16-3CD3-4D97-865C-3DB9EF969A75} = {5E242AA5-8E51-47BB-A2B4-615AD82274F1}
		{9A3DDA19-D37D-4A84-B00A-745BD5B2F23C} = {5E242AA5-8E51-47BB-A2B4-615AD82274F1}
	EndGlobalSection
EndGlobal
